
Microsoft Visual Studio Solution File, Format Version 12.00
Project("{FAE04EC0-301F-11D3-BF4B-00C04F79EFBC}") = "EventGridEmulator", "EventGridEmulator\EventGridEmulator.csproj", "{B77D5E31-0072-441F-8F88-081E0219B7DF}"
EndProject
Project("{FAE04EC0-301F-11D3-BF4B-00C04F79EFBC}") = "HelloPublisher", "HelloPublisher\HelloPublisher.csproj", "{FBB40946-B575-4346-A69E-2B796B9801D4}"
EndProject
Project("{FAE04EC0-301F-11D3-BF4B-00C04F79EFBC}") = "HelloSubscriber", "HelloSubscriber\HelloSubscriber.csproj", "{ED5476A6-B2EC-45F7-B038-34B5D32496FC}"
EndProject
Project("{FAE04EC0-301F-11D3-BF4B-00C04F79EFBC}") = "EventGridEmulator.Tests", "EventGridEmulator.Tests\EventGridEmulator.Tests.csproj", "{5FB0B257-612A-4312-9216-58D1D620E9A7}"
EndProject
Global
	GlobalSection(SolutionConfigurationPlatforms) = preSolution
		Debug|Any CPU = Debug|Any CPU
		Release|Any CPU = Release|Any CPU
	EndGlobalSection
	GlobalSection(ProjectConfigurationPlatforms) = postSolution
		{B77D5E31-0072-441F-8F88-081E0219B7DF}.Debug|Any CPU.ActiveCfg = Debug|Any CPU
		{B77D5E31-0072-441F-8F88-081E0219B7DF}.Debug|Any CPU.Build.0 = Debug|Any CPU
		{B77D5E31-0072-441F-8F88-081E0219B7DF}.Release|Any CPU.ActiveCfg = Release|Any CPU
		{B77D5E31-0072-441F-8F88-081E0219B7DF}.Release|Any CPU.Build.0 = Release|Any CPU
		{FBB40946-B575-4346-A69E-2B796B9801D4}.Debug|Any CPU.ActiveCfg = Debug|Any CPU
		{FBB40946-B575-4346-A69E-2B796B9801D4}.Debug|Any CPU.Build.0 = Debug|Any CPU
		{FBB40946-B575-4346-A69E-2B796B9801D4}.Release|Any CPU.ActiveCfg = Release|Any CPU
		{FBB40946-B575-4346-A69E-2B796B9801D4}.Release|Any CPU.Build.0 = Release|Any CPU
		{ED5476A6-B2EC-45F7-B038-34B5D32496FC}.Debug|Any CPU.ActiveCfg = Debug|Any CPU
		{ED5476A6-B2EC-45F7-B038-34B5D32496FC}.Debug|Any CPU.Build.0 = Debug|Any CPU
		{ED5476A6-B2EC-45F7-B038-34B5D32496FC}.Release|Any CPU.ActiveCfg = Release|Any CPU
		{ED5476A6-B2EC-45F7-B038-34B5D32496FC}.Release|Any CPU.Build.0 = Release|Any CPU
		{5FB0B257-612A-4312-9216-58D1D620E9A7}.Debug|Any CPU.ActiveCfg = Debug|Any CPU
		{5FB0B257-612A-4312-9216-58D1D620E9A7}.Debug|Any CPU.Build.0 = Debug|Any CPU
		{5FB0B257-612A-4312-9216-58D1D620E9A7}.Release|Any CPU.ActiveCfg = Release|Any CPU
		{5FB0B257-612A-4312-9216-58D1D620E9A7}.Release|Any CPU.Build.0 = Release|Any CPU
	EndGlobalSection
EndGlobal
